Microsoft Visual Studio Solution File, Format Version 12.00
# Visual Studio Version 17
VisualStudioVersion = 17.1.32421.90
MinimumVisualStudioVersion = 10.0.40219.1
Project("{9A19103F-16F7-4668-BE54-9A1E7A4F7556}") = "ImageStocker", "ImageStocker\ImageStocker.csproj", "{D1C878FD-A060-4A3E-B87C-5160B7FC09FB}"
EndProject
Project("{2150E333-8FDC-42A3-9474-1A3956D46DE8}") = "Pe", "Pe", "{4D235F45-5593-47C3-B8B4-966E1F15049C}"
EndProject
Project("{2150E333-8FDC-42A3-9474-1A3956D46DE8}") = "bridge", "bridge", "{9F5918A2-523C-4405-A935-C01777163E4B}"
EndProject
Project("{9A19103F-16F7-4668-BE54-9A1E7A4F7556}") = "Pe.Bridge", "Pe\Source\Pe\Pe.Bridge\Pe.Bridge.csproj", "{6C89E891-E03A-4846-9DFB-0F6E803565BF}"
EndProject
Project("{9A19103F-16F7-4668-BE54-9A1E7A4F7556}") = "Pe.Embedded", "Pe\Source\Pe\Pe.Embedded\Pe.Embedded.csproj", "{0C4A16BF-6FC6-4685-A0DF-71C96D9130BC}"
EndProject
Project("{2150E333-8FDC-42A3-9474-1A3956D46DE8}") = "lib", "lib", "{8E033125-9D2B-4D22-9937-E836134C9614}"
EndProject
Project("{9A19103F-16F7-4668-BE54-9A1E7A4F7556}") = "Pe.PInvoke", "Pe\Source\Pe\Pe.PInvoke\Pe.PInvoke.csproj", "{3EBA0106-D95F-4788-90F4-16988889DDF9}"
EndProject
Project("{9A19103F-16F7-4668-BE54-9A1E7A4F7556}") = "Pe.Core", "Pe\Source\Pe\Pe.Core\Pe.Core.csproj", "{8173F19E-5EBE-45B5-8059-E49BD0390F10}"
EndProject
Project("{2150E333-8FDC-42A3-9474-1A3956D46DE8}") = "plugins", "plugins", "{9D8C3C1E-7BA2-4567-970E-66CEC4055BBB}"
EndProject
Project("{9A19103F-16F7-4668-BE54-9A1E7A4F7556}") = "Pe.Plugins.DefaultTheme", "Pe\Source\Pe\Pe.Plugins.DefaultTheme\Pe.Plugins.DefaultTheme.csproj", "{05ACAF2D-493E-43C3-850D-808C0C694306}"
EndProject
Project("{9A19103F-16F7-4668-BE54-9A1E7A4F7556}") = "Pe.Main", "Pe\Source\Pe\Pe.Main\Pe.Main.csproj", "{12D318F6-396C-48F2-B675-E196EE9AE434}"
EndProject
Global
	GlobalSection(SolutionConfigurationPlatforms) = preSolution
		Debug|x64 = Debug|x64
		Debug|x86 = Debug|x86
		Release|x64 = Release|x64
		Release|x86 = Release|x86
	EndGlobalSection
	GlobalSection(ProjectConfigurationPlatforms) = postSolution
		{D1C878FD-A060-4A3E-B87C-5160B7FC09FB}.Debug|x64.ActiveCfg = Debug|x64
		{D1C878FD-A060-4A3E-B87C-5160B7FC09FB}.Debug|x64.Build.0 = Debug|x64
		{D1C878FD-A060-4A3E-B87C-5160B7FC09FB}.Debug|x86.ActiveCfg = Debug|x86
		{D1C878FD-A060-4A3E-B87C-5160B7FC09FB}.Debug|x86.Build.0 = Debug|x86
		{D1C878FD-A060-4A3E-B87C-5160B7FC09FB}.Release|x64.ActiveCfg = Release|x64
		{D1C878FD-A060-4A3E-B87C-5160B7FC09FB}.Release|x64.Build.0 = Release|x64
		{D1C878FD-A060-4A3E-B87C-5160B7FC09FB}.Release|x86.ActiveCfg = Release|x86
		{D1C878FD-A060-4A3E-B87C-5160B7FC09FB}.Release|x86.Build.0 = Release|x86
		{6C89E891-E03A-4846-9DFB-0F6E803565BF}.Debug|x64.ActiveCfg = Debug|x64
		{6C89E891-E03A-4846-9DFB-0F6E803565BF}.Debug|x64.Build.0 = Debug|x64
		{6C89E891-E03A-4846-9DFB-0F6E803565BF}.Debug|x86.ActiveCfg = Debug|x86
		{6C89E891-E03A-4846-9DFB-0F6E803565BF}.Debug|x86.Build.0 = Debug|x86
		{6C89E891-E03A-4846-9DFB-0F6E803565BF}.Release|x64.ActiveCfg = Release|x64
		{6C89E891-E03A-4846-9DFB-0F6E803565BF}.Release|x64.Build.0 = Release|x64
		{6C89E891-E03A-4846-9DFB-0F6E803565BF}.Release|x86.ActiveCfg = Release|x86
		{6C89E891-E03A-4846-9DFB-0F6E803565BF}.Release|x86.Build.0 = Release|x86
		{0C4A16BF-6FC6-4685-A0DF-71C96D9130BC}.Debug|x64.ActiveCfg = Debug|x64
		{0C4A16BF-6FC6-4685-A0DF-71C96D9130BC}.Debug|x64.Build.0 = Debug|x64
		{0C4A16BF-6FC6-4685-A0DF-71C96D9130BC}.Debug|x86.ActiveCfg = Debug|x86
		{0C4A16BF-6FC6-4685-A0DF-71C96D9130BC}.Debug|x86.Build.0 = Debug|x86
		{0C4A16BF-6FC6-4685-A0DF-71C96D9130BC}.Release|x64.ActiveCfg = Release|x64
		{0C4A16BF-6FC6-4685-A0DF-71C96D9130BC}.Release|x64.Build.0 = Release|x64
		{0C4A16BF-6FC6-4685-A0DF-71C96D9130BC}.Release|x86.ActiveCfg = Release|x86
		{0C4A16BF-6FC6-4685-A0DF-71C96D9130BC}.Release|x86.Build.0 = Release|x86
		{3EBA0106-D95F-4788-90F4-16988889DDF9}.Debug|x64.ActiveCfg = Debug|x64
		{3EBA0106-D95F-4788-90F4-16988889DDF9}.Debug|x64.Build.0 = Debug|x64
		{3EBA0106-D95F-4788-90F4-16988889DDF9}.Debug|x86.ActiveCfg = Debug|x86
		{3EBA0106-D95F-4788-90F4-16988889DDF9}.Debug|x86.Build.0 = Debug|x86
		{3EBA0106-D95F-4788-90F4-16988889DDF9}.Release|x64.ActiveCfg = Release|x64
		{3EBA0106-D95F-4788-90F4-16988889DDF9}.Release|x64.Build.0 = Release|x64
		{3EBA0106-D95F-4788-90F4-16988889DDF9}.Release|x86.ActiveCfg = Release|x86
		{3EBA0106-D95F-4788-90F4-16988889DDF9}.Release|x86.Build.0 = Release|x86
		{8173F19E-5EBE-45B5-8059-E49BD0390F10}.Debug|x64.ActiveCfg = Debug|x64
		{8173F19E-5EBE-45B5-8059-E49BD0390F10}.Debug|x64.Build.0 = Debug|x64
		{8173F19E-5EBE-45B5-8059-E49BD0390F10}.Debug|x86.ActiveCfg = Debug|x86
		{8173F19E-5EBE-45B5-8059-E49BD0390F10}.Debug|x86.Build.0 = Debug|x86
		{8173F19E-5EBE-45B5-8059-E49BD0390F10}.Release|x64.ActiveCfg = Release|x64
		{8173F19E-5EBE-45B5-8059-E49BD0390F10}.Release|x64.Build.0 = Release|x64
		{8173F19E-5EBE-45B5-8059-E49BD0390F10}.Release|x86.ActiveCfg = Release|x86
		{8173F19E-5EBE-45B5-8059-E49BD0390F10}.Release|x86.Build.0 = Release|x86
		{05ACAF2D-493E-43C3-850D-808C0C694306}.Debug|x64.ActiveCfg = Debug|x64
		{05ACAF2D-493E-43C3-850D-808C0C694306}.Debug|x64.Build.0 = Debug|x64
		{05ACAF2D-493E-43C3-850D-808C0C694306}.Debug|x86.ActiveCfg = Debug|x86
		{05ACAF2D-493E-43C3-850D-808C0C694306}.Debug|x86.Build.0 = Debug|x86
		{05ACAF2D-493E-43C3-850D-808C0C694306}.Release|x64.ActiveCfg = Release|x64
		{05ACAF2D-493E-43C3-850D-808C0C694306}.Release|x64.Build.0 = Release|x64
		{05ACAF2D-493E-43C3-850D-808C0C694306}.Release|x86.ActiveCfg = Release|x86
		{05ACAF2D-493E-43C3-850D-808C0C694306}.Release|x86.Build.0 = Release|x86
		{12D318F6-396C-48F2-B675-E196EE9AE434}.Debug|x64.ActiveCfg = Debug|x64
		{12D318F6-396C-48F2-B675-E196EE9AE434}.Debug|x64.Build.0 = Debug|x64
		{12D318F6-396C-48F2-B675-E196EE9AE434}.Debug|x86.ActiveCfg = Debug|x86
		{12D318F6-396C-48F2-B675-E196EE9AE434}.Debug|x86.Build.0 = Debug|x86
		{12D318F6-396C-48F2-B675-E196EE9AE434}.Release|x64.ActiveCfg = Release|x64
		{12D318F6-396C-48F2-B675-E196EE9AE434}.Release|x64.Build.0 = Release|x64
		{12D318F6-396C-48F2-B675-E196EE9AE434}.Release|x86.ActiveCfg = Release|x86
		{12D318F6-396C-48F2-B675-E196EE9AE434}.Release|x86.Build.0 = Release|x86
	EndGlobalSection
	GlobalSection(SolutionProperties) = preSolution
		HideSolutionNode = FALSE
	EndGlobalSection
	GlobalSection(NestedProjects) = preSolution
		{9F5918A2-523C-4405-A935-C01777163E4B} = {4D235F45-5593-47C3-B8B4-966E1F15049C}
		{6C89E891-E03A-4846-9DFB-0F6E803565BF} = {9F5918A2-523C-4405-A935-C01777163E4B}
		{0C4A16BF-6FC6-4685-A0DF-71C96D9130BC} = {9F5918A2-523C-4405-A935-C01777163E4B}
		{8E033125-9D2B-4D22-9937-E836134C9614} = {4D235F45-5593-47C3-B8B4-966E1F15049C}
		{3EBA0106-D95F-4788-90F4-16988889DDF9} = {8E033125-9D2B-4D22-9937-E836134C9614}
		{8173F19E-5EBE-45B5-8059-E49BD0390F10} = {8E033125-9D2B-4D22-9937-E836134C9614}
		{9D8C3C1E-7BA2-4567-970E-66CEC4055BBB} = {8E033125-9D2B-4D22-9937-E836134C9614}
		{05ACAF2D-493E-43C3-850D-808C0C694306} = {9D8C3C1E-7BA2-4567-970E-66CEC4055BBB}
		{12D318F6-396C-48F2-B675-E196EE9AE434} = {4D235F45-5593-47C3-B8B4-966E1F15049C}
	EndGlobalSection
	GlobalSection(ExtensibilityGlobals) = postSolution
		SolutionGuid = {8B7BF45A-1FCC-406E-A8DD-7CA7BAC256C1}
	EndGlobalSection
EndGlobal
